
Microsoft Visual Studio Solution File, Format Version 12.00
# Visual Studio Version 17
VisualStudioVersion = 17.7.34202.233
MinimumVisualStudioVersion = 10.0.40219.1
Project("{FAE04EC0-301F-11D3-BF4B-00C04F79EFBC}") = "DB.Domain", "DB.Domain\DB.Domain.csproj", "{2FDADED5-A995-44F5-AE1F-0F863AE01044}"
EndProject
Project("{FAE04EC0-301F-11D3-BF4B-00C04F79EFBC}") = "DB.Persistence", "DB.Persistence\DB.Persistence.csproj", "{C8B69F49-9172-4AAE-A030-496065DD5783}"
EndProject
Project("{FAE04EC0-301F-11D3-BF4B-00C04F79EFBC}") = "DB.WebApi", "DB.WebApi\DB.WebApi.csproj", "{DE1CB7B2-67F9-47D5-9519-863ED361283F}"
EndProject
Global
	GlobalSection(SolutionConfigurationPlatforms) = preSolution
		Debug|Any CPU = Debug|Any CPU
		Release|Any CPU = Release|Any CPU
	EndGlobalSection
	GlobalSection(ProjectConfigurationPlatforms) = postSolution
		{2FDADED5-A995-44F5-AE1F-0F863AE01044}.Debug|Any CPU.ActiveCfg = Debug|Any CPU
		{2FDADED5-A995-44F5-AE1F-0F863AE01044}.Debug|Any CPU.Build.0 = Debug|Any CPU
		{2FDADED5-A995-44F5-AE1F-0F863AE01044}.Release|Any CPU.ActiveCfg = Release|Any CPU
		{2FDADED5-A995-44F5-AE1F-0F863AE01044}.Release|Any CPU.Build.0 = Release|Any CPU
		{C8B69F49-9172-4AAE-A030-496065DD5783}.Debug|Any CPU.ActiveCfg = Debug|Any CPU
		{C8B69F49-9172-4AAE-A030-496065DD5783}.Debug|Any CPU.Build.0 = Debug|Any CPU
		{C8B69F49-9172-4AAE-A030-496065DD5783}.Release|Any CPU.ActiveCfg = Release|Any CPU
		{C8B69F49-9172-4AAE-A030-496065DD5783}.Release|Any CPU.Build.0 = Release|Any CPU
		{DE1CB7B2-67F9-47D5-9519-863ED361283F}.Debug|Any CPU.ActiveCfg = Debug|Any CPU
		{DE1CB7B2-67F9-47D5-9519-863ED361283F}.Debug|Any CPU.Build.0 = Debug|Any CPU
		{DE1CB7B2-67F9-47D5-9519-863ED361283F}.Release|Any CPU.ActiveCfg = Release|Any CPU
		{DE1CB7B2-67F9-47D5-9519-863ED361283F}.Release|Any CPU.Build.0 = Release|Any CPU
	EndGlobalSection
	GlobalSection(SolutionProperties) = preSolution
		HideSolutionNode = FALSE
	EndGlobalSection
	GlobalSection(ExtensibilityGlobals) = postSolution
		SolutionGuid = {6AA23F34-C5D4-4947-A418-F17E1E67A4AA}
	EndGlobalSection
EndGlobal
